
Microsoft Visual Studio Solution File, Format Version 12.00
# Visual Studio Version 17
VisualStudioVersion = 17.14.36301.6
MinimumVisualStudioVersion = 10.0.40219.1
Project("{9A19103F-16F7-4668-BE54-9A1E7A4F7556}") = "DiskAtlas", "src\DiskAtlas\DiskAtlas.csproj", "{B1E5C9A2-3D47-4F8E-9C21-7A6D0F4B8E35}"
EndProject
Project("{2150E333-8FDC-42A3-9474-1A3956D46DE8}") = "tests", "tests", "{0AB3BF05-4346-4AA6-1389-037BE0695223}"
EndProject
Project("{FAE04EC0-301F-11D3-BF4B-00C04F79EFBC}") = "DiskAtlas.Tests", "tests\DiskAtlas.Tests\DiskAtlas.Tests.csproj", "{7C6A8A30-C55D-4990-929E-F3235D347A2F}"
EndProject
Global
	GlobalSection(SolutionConfigurationPlatforms) = preSolution
		Debug|Any CPU = Debug|Any CPU
		Debug|x64 = Debug|x64
		Debug|x86 = Debug|x86
		Release|Any CPU = Release|Any CPU
		Release|x64 = Release|x64
		Release|x86 = Release|x86
	EndGlobalSection
	GlobalSection(ProjectConfigurationPlatforms) = postSolution
		{B1E5C9A2-3D47-4F8E-9C21-7A6D0F4B8E35}.Debug|Any CPU.ActiveCfg = Debug|Any CPU
		{B1E5C9A2-3D47-4F8E-9C21-7A6D0F4B8E35}.Debug|Any CPU.Build.0 = Debug|Any CPU
		{B1E5C9A2-3D47-4F8E-9C21-7A6D0F4B8E35}.Debug|x64.ActiveCfg = Debug|x64
		{B1E5C9A2-3D47-4F8E-9C21-7A6D0F4B8E35}.Debug|x64.Build.0 = Debug|x64
		{B1E5C9A2-3D47-4F8E-9C21-7A6D0F4B8E35}.Debug|x86.ActiveCfg = Debug|Any CPU
		{B1E5C9A2-3D47-4F8E-9C21-7A6D0F4B8E35}.Debug|x86.Build.0 = Debug|Any CPU
		{B1E5C9A2-3D47-4F8E-9C21-7A6D0F4B8E35}.Release|Any CPU.ActiveCfg = Release|Any CPU
		{B1E5C9A2-3D47-4F8E-9C21-7A6D0F4B8E35}.Release|Any CPU.Build.0 = Release|Any CPU
		{B1E5C9A2-3D47-4F8E-9C21-7A6D0F4B8E35}.Release|x64.ActiveCfg = Release|x64
		{B1E5C9A2-3D47-4F8E-9C21-7A6D0F4B8E35}.Release|x64.Build.0 = Release|x64
		{B1E5C9A2-3D47-4F8E-9C21-7A6D0F4B8E35}.Release|x86.ActiveCfg = Release|Any CPU
		{B1E5C9A2-3D47-4F8E-9C21-7A6D0F4B8E35}.Release|x86.Build.0 = Release|Any CPU
		{7C6A8A30-C55D-4990-929E-F3235D347A2F}.Debug|Any CPU.ActiveCfg = Debug|Any CPU
		{7C6A8A30-C55D-4990-929E-F3235D347A2F}.Debug|Any CPU.Build.0 = Debug|Any CPU
		{7C6A8A30-C55D-4990-929E-F3235D347A2F}.Debug|x64.ActiveCfg = Debug|x64
		{7C6A8A30-C55D-4990-929E-F3235D347A2F}.Debug|x64.Build.0 = Debug|x64
		{7C6A8A30-C55D-4990-929E-F3235D347A2F}.Debug|x86.ActiveCfg = Debug|Any CPU
		{7C6A8A30-C55D-4990-929E-F3235D347A2F}.Debug|x86.Build.0 = Debug|Any CPU
		{7C6A8A30-C55D-4990-929E-F3235D347A2F}.Release|Any CPU.ActiveCfg = Release|Any CPU
		{7C6A8A30-C55D-4990-929E-F3235D347A2F}.Release|Any CPU.Build.0 = Release|Any CPU
		{7C6A8A30-C55D-4990-929E-F3235D347A2F}.Release|x64.ActiveCfg = Release|x64
		{7C6A8A30-C55D-4990-929E-F3235D347A2F}.Release|x64.Build.0 = Release|x64
		{7C6A8A30-C55D-4990-929E-F3235D347A2F}.Release|x86.ActiveCfg = Release|Any CPU
		{7C6A8A30-C55D-4990-929E-F3235D347A2F}.Release|x86.Build.0 = Release|Any CPU
	EndGlobalSection
	GlobalSection(SolutionProperties) = preSolution
		HideSolutionNode = FALSE
	EndGlobalSection
	GlobalSection(NestedProjects) = preSolution
		{7C6A8A30-C55D-4990-929E-F3235D347A2F} = {0AB3BF05-4346-4AA6-1389-037BE0695223}
	EndGlobalSection
	GlobalSection(ExtensibilityGlobals) = postSolution
		SolutionGuid = {D4A7F612-8B93-4C5E-A1F0-2E6B9D3C7A84}
	EndGlobalSection
EndGlobal
